
Microsoft Visual Studio Solution File, Format Version 12.00
# Visual Studio Version 16
VisualStudioVersion = 16.0.30717.126
MinimumVisualStudioVersion = 10.0.40219.1
Project("{FAE04EC0-301F-11D3-BF4B-00C04F79EFBC}") = "DBContactLibrary", "DBContactLibrary\DBContactLibrary.csproj", "{BD8EF054-8062-4D7C-A814-11791CF5C812}"
EndProject
Project("{FAE04EC0-301F-11D3-BF4B-00C04F79EFBC}") = "WindowsFormsContacts", "WindowsFormsContacts\WindowsFormsContacts.csproj", "{056CC1D7-07AD-442D-9AD2-06BF1E3D4223}"
EndProject
Global
	GlobalSection(SolutionConfigurationPlatforms) = preSolution
		Debug|Any CPU = Debug|Any CPU
		Release|Any CPU = Release|Any CPU
	EndGlobalSection
	GlobalSection(ProjectConfigurationPlatforms) = postSolution
		{BD8EF054-8062-4D7C-A814-11791CF5C812}.Debug|Any CPU.ActiveCfg = Debug|Any CPU
		{BD8EF054-8062-4D7C-A814-11791CF5C812}.Debug|Any CPU.Build.0 = Debug|Any CPU
		{BD8EF054-8062-4D7C-A814-11791CF5C812}.Release|Any CPU.ActiveCfg = Release|Any CPU
		{BD8EF054-8062-4D7C-A814-11791CF5C812}.Release|Any CPU.Build.0 = Release|Any CPU
		{056CC1D7-07AD-442D-9AD2-06BF1E3D4223}.Debug|Any CPU.ActiveCfg = Debug|Any CPU
		{056CC1D7-07AD-442D-9AD2-06BF1E3D4223}.Debug|Any CPU.Build.0 = Debug|Any CPU
		{056CC1D7-07AD-442D-9AD2-06BF1E3D4223}.Release|Any CPU.ActiveCfg = Release|Any CPU
		{056CC1D7-07AD-442D-9AD2-06BF1E3D4223}.Release|Any CPU.Build.0 = Release|Any CPU
	EndGlobalSection
	GlobalSection(SolutionProperties) = preSolution
		HideSolutionNode = FALSE
	EndGlobalSection
	GlobalSection(ExtensibilityGlobals) = postSolution
		SolutionGuid = {BC12F6B4-DDE3-46C1-AD67-DDB92E15942D}
	EndGlobalSection
EndGlobal
